GEM
  remote: https://rubygems.org/
  specs:
    actioncable (7.0.4)
      actionpack (= 7.0.4)
      activesupport (= 7.0.4)
      nio4r (~> 2.0)
      websocket-driver (>= 0.6.1)
    actionmailbox (7.0.4)
      actionpack (= 7.0.4)
      activejob (= 7.0.4)
      activerecord (= 7.0.4)
      activestorage (= 7.0.4)
      activesupport (= 7.0.4)
      mail (>= 2.7.1)
      net-imap
      net-pop
      net-smtp
    actionmailer (7.0.4)
      actionpack (= 7.0.4)
      actionview (= 7.0.4)
      activejob (= 7.0.4)
      activesupport (= 7.0.4)
      mail (~> 2.5, >= 2.5.4)
      net-imap
      net-pop
      net-smtp
      rails-dom-testing (~> 2.0)
    actionpack (7.0.4)
      actionview (= 7.0.4)
      activesupport (= 7.0.4)
      rack (~> 2.0, >= 2.2.0)
      rack-test (>= 0.6.3)
      rails-dom-testing (~> 2.0)
      rails-html-sanitizer (~> 1.0, >= 1.2.0)
    actiontext (7.0.4)
      actionpack (= 7.0.4)
      activerecord (= 7.0.4)
      activestorage (= 7.0.4)
      activesupport (= 7.0.4)
      globalid (>= 0.6.0)
      nokogiri (>= 1.8.5)
    actionview (7.0.4)
      activesupport (= 7.0.4)
      builder (~> 3.1)
      erubi (~> 1.4)
      rails-dom-testing (~> 2.0)
      rails-html-sanitizer (~> 1.1, >= 1.2.0)
    activeadmin (3.2.0)
      arbre (~> 1.2, >= 1.2.1)
      formtastic (>= 3.1)
      formtastic_i18n (>= 0.4)
      inherited_resources (~> 1.7)
      jquery-rails (>= 4.2)
      kaminari (>= 1.2.1)
      railties (>= 6.1)
      ransack (>= 4.0)
    activejob (7.0.4)
      activesupport (= 7.0.4)
      globalid (>= 0.3.6)
    activemodel (7.0.4)
      activesupport (= 7.0.4)
    activerecord (7.0.4)
      activemodel (= 7.0.4)
      activesupport (= 7.0.4)
    activestorage (7.0.4)
      actionpack (= 7.0.4)
      activejob (= 7.0.4)
      activerecord (= 7.0.4)
      activesupport (= 7.0.4)
      marcel (~> 1.0)
      mini_mime (>= 1.1.0)
    activesupport (7.0.4)
      concurrent-ruby (~> 1.0, >= 1.0.2)
      i18n (>= 1.6, < 2)
      minitest (>= 5.1)
      tzinfo (~> 2.0)
    addressable (2.8.1)
      public_suffix (>= 2.0.2, < 6.0)
    arbre (1.7.0)
      activesupport (>= 3.0.0)
      ruby2_keywords (>= 0.0.2)
    ast (2.4.2)
    aws-eventstream (1.2.0)
    aws-partitions (1.780.0)
    aws-sdk-core (3.175.0)
      aws-eventstream (~> 1, >= 1.0.2)
      aws-partitions (~> 1, >= 1.651.0)
      aws-sigv4 (~> 1.5)
      jmespath (~> 1, >= 1.6.1)
    aws-sdk-kms (1.67.0)
      aws-sdk-core (~> 3, >= 3.174.0)
      aws-sigv4 (~> 1.1)
    aws-sdk-s3 (1.126.0)
      aws-sdk-core (~> 3, >= 3.174.0)
      aws-sdk-kms (~> 1)
      aws-sigv4 (~> 1.4)
    aws-sigv4 (1.5.2)
      aws-eventstream (~> 1, >= 1.0.2)
    base64 (0.2.0)
    bcrypt (3.1.20)
    bigdecimal (3.1.8)
    bindex (0.8.1)
    bootsnap (1.15.0)
      msgpack (~> 1.2)
    builder (3.2.4)
    capybara (3.38.0)
      addressable
      matrix
      mini_mime (>= 0.1.3)
      nokogiri (~> 1.8)
      rack (>= 1.6.0)
      rack-test (>= 0.6.3)
      regexp_parser (>= 1.5, < 3.0)
      xpath (~> 3.2)
    concurrent-ruby (1.2.3)
    connection_pool (3.0.2)
    crass (1.0.6)
    dalli (3.2.3)
    date (3.3.3)
    debug (1.7.1)
      irb (>= 1.5.0)
      reline (>= 0.3.1)
    devise (4.9.4)
      bcrypt (~> 3.0)
      orm_adapter (~> 0.1)
      railties (>= 4.1.0)
      responders
      warden (~> 1.2.3)
    dotenv (3.2.0)
    dotenv-rails (3.2.0)
      dotenv (= 3.2.0)
      railties (>= 6.1)
    dotiw (5.3.3)
      activesupport
      i18n
    erubi (1.12.0)
    et-orbi (1.2.7)
      tzinfo
    faraday (2.9.0)
      faraday-net_http (>= 2.0, < 3.2)
    faraday-net_http (3.1.0)
      net-http
    ffi (1.16.3)
    formtastic (5.0.0)
      actionpack (>= 6.0.0)
    formtastic_i18n (0.7.0)
    fugit (1.9.0)
      et-orbi (~> 1, >= 1.2.7)
      raabro (~> 1.4)
    globalid (1.0.0)
      activesupport (>= 5.0)
    has_scope (0.8.2)
      actionpack (>= 5.2)
      activesupport (>= 5.2)
    hashie (5.0.0)
    httparty (0.21.0)
      mini_mime (>= 1.0.0)
      multi_xml (>= 0.5.2)
    i18n (1.14.5)
      concurrent-ruby (~> 1.0)
    importmap-rails (1.1.5)
      actionpack (>= 6.0.0)
      railties (>= 6.0.0)
    inherited_resources (1.14.0)
      actionpack (>= 6.0)
      has_scope (>= 0.6)
      railties (>= 6.0)
      responders (>= 2)
    io-console (0.6.0)
    irb (1.6.2)
      reline (>= 0.3.0)
    jbuilder (2.11.5)
      actionview (>= 5.0.0)
      activesupport (>= 5.0.0)
    jmespath (1.6.2)
    jquery-rails (4.6.0)
      rails-dom-testing (>= 1, < 3)
      railties (>= 4.2.0)
      thor (>= 0.14, < 2.0)
    json (2.6.3)
    jwt (2.8.1)
      base64
    kaminari (1.2.2)
      activesupport (>= 4.1.0)
      kaminari-actionview (= 1.2.2)
      kaminari-activerecord (= 1.2.2)
      kaminari-core (= 1.2.2)
    kaminari-actionview (1.2.2)
      actionview
      kaminari-core (= 1.2.2)
    kaminari-activerecord (1.2.2)
      activerecord
      kaminari-core (= 1.2.2)
    kaminari-core (1.2.2)
    launchy (2.5.2)
      addressable (~> 2.8)
    letter_opener (1.8.1)
      launchy (>= 2.2, < 3)
    libv8-node (16.10.0.0-x86_64-linux)
    loofah (2.22.0)
      crass (~> 1.0.2)
      nokogiri (>= 1.12.0)
    mail (2.8.0)
      mini_mime (>= 0.1.1)
      net-imap
      net-pop
      net-smtp
    marcel (1.0.2)
    matrix (0.4.2)
    meta-tags (2.18.0)
      actionpack (>= 3.2.0, < 7.1)
    method_source (1.1.0)
    mini_mime (1.1.2)
    mini_racer (0.6.3)
      libv8-node (~> 16.10.0.0)
    minitest (5.23.0)
    monetize (1.12.0)
      money (~> 6.12)
    money (6.16.0)
      i18n (>= 0.6.4, <= 2)
    money-rails (1.15.0)
      activesupport (>= 3.0)
      monetize (~> 1.9)
      money (~> 6.13)
      railties (>= 3.0)
    msgpack (1.6.0)
    multi_xml (0.7.1)
      bigdecimal (~> 3.1)
    net-http (0.4.1)
      uri
    net-imap (0.3.4)
      date
      net-protocol
    net-pop (0.1.2)
      net-protocol
    net-protocol (0.2.1)
      timeout
    net-smtp (0.3.3)
      net-protocol
    nio4r (2.5.8)
    nokogiri (1.16.5-x86_64-linux)
      racc (~> 1.4)
    oauth2 (2.0.9)
      faraday (>= 0.17.3, < 3.0)
      jwt (>= 1.0, < 3.0)
      multi_xml (~> 0.5)
      rack (>= 1.2, < 4)
      snaky_hash (~> 2.0)
      version_gem (~> 1.1)
    omniauth (2.1.2)
      hashie (>= 3.4.6)
      rack (>= 2.2.3)
      rack-protection
    omniauth-google-oauth2 (1.1.2)
      jwt (>= 2.0)
      oauth2 (~> 2.0)
      omniauth (~> 2.0)
      omniauth-oauth2 (~> 1.8)
    omniauth-oauth2 (1.8.0)
      oauth2 (>= 1.4, < 3)
      omniauth (~> 2.0)
    omniauth-rails_csrf_protection (1.0.1)
      actionpack (>= 4.2)
      omniauth (~> 2.0)
    orm_adapter (0.5.0)
    pagy (6.0.1)
    parallel (1.22.1)
    parser (3.2.0.0)
      ast (~> 2.4.1)
    pg (1.4.5)
    public_suffix (5.0.1)
    puma (5.6.5)
      nio4r (~> 2.0)
    raabro (1.4.0)
    racc (1.8.0)
    rack (2.2.9)
    rack-protection (3.2.0)
      base64 (>= 0.1.0)
      rack (~> 2.2, >= 2.2.4)
    rack-session (1.0.2)
      rack (< 3)
    rack-test (2.1.0)
      rack (>= 1.3)
    rails (7.0.4)
      actioncable (= 7.0.4)
      actionmailbox (= 7.0.4)
      actionmailer (= 7.0.4)
      actionpack (= 7.0.4)
      actiontext (= 7.0.4)
      actionview (= 7.0.4)
      activejob (= 7.0.4)
      activemodel (= 7.0.4)
      activerecord (= 7.0.4)
      activestorage (= 7.0.4)
      activesupport (= 7.0.4)
      bundler (>= 1.15.0)
      railties (= 7.0.4)
    rails-dom-testing (2.2.0)
      activesupport (>= 5.0.0)
      minitest
      nokogiri (>= 1.6)
    rails-html-sanitizer (1.6.0)
      loofah (~> 2.21)
      nokogiri (~> 1.14)
    railties (7.0.4)
      actionpack (= 7.0.4)
      activesupport (= 7.0.4)
      method_source
      rake (>= 12.2)
      thor (~> 1.0)
      zeitwerk (~> 2.5)
    rainbow (3.1.1)
    rake (13.2.1)
    ransack (4.1.1)
      activerecord (>= 6.1.5)
      activesupport (>= 6.1.5)
      i18n
    recaptcha (5.14.0)
    redis (5.4.1)
      redis-client (>= 0.22.0)
    redis-actionpack (5.5.0)
      actionpack (>= 5)
      redis-rack (>= 2.1.0, < 4)
      redis-store (>= 1.1.0, < 2)
    redis-activesupport (5.3.0)
      activesupport (>= 3, < 8)
      redis-store (>= 1.3, < 2)
    redis-client (0.26.3)
      connection_pool
    redis-rack (3.0.0)
      rack-session (>= 0.2.0)
      redis-store (>= 1.2, < 2)
    redis-rails (5.0.2)
      redis-actionpack (>= 5.0, < 6)
      redis-activesupport (>= 5.0, < 6)
      redis-store (>= 1.2, < 2)
    redis-store (1.11.0)
      redis (>= 4, < 6)
    regexp_parser (2.6.1)
    reline (0.3.2)
      io-console (~> 0.5)
    responders (3.1.1)
      actionpack (>= 5.2)
      railties (>= 5.2)
    rexml (3.2.5)
    rubocop (1.42.0)
      json (~> 2.3)
      parallel (~> 1.10)
      parser (>= 3.1.2.1)
      rainbow (>= 2.2.2, < 4.0)
      regexp_parser (>= 1.8, < 3.0)
      rexml (>= 3.2.5, < 4.0)
      rubocop-ast (>= 1.24.1, < 2.0)
      ruby-progressbar (~> 1.7)
      unicode-display_width (>= 1.4.0, < 3.0)
    rubocop-ast (1.24.1)
      parser (>= 3.1.1.0)
    ruby-progressbar (1.11.0)
    ruby2_keywords (0.0.5)
    rubyzip (2.3.2)
    sassc (2.4.0)
      ffi (~> 1.9)
    sassc-rails (2.1.2)
      railties (>= 4.0.0)
      sassc (>= 2.0)
      sprockets (> 3.0)
      sprockets-rails
      tilt
    selenium-webdriver (4.7.1)
      rexml (~> 3.2, >= 3.2.5)
      rubyzip (>= 1.2.2, < 3.0)
      websocket (~> 1.0)
    sentry-rails (5.17.3)
      railties (>= 5.0)
      sentry-ruby (~> 5.17.3)
    sentry-ruby (5.17.3)
      bigdecimal
      concurrent-ruby (~> 1.0, >= 1.0.2)
    sidekiq (7.0.6)
      concurrent-ruby (< 2)
      connection_pool (>= 2.3.0)
      rack (>= 2.2.4)
      redis-client (>= 0.11.0)
    sidekiq-cron (1.9.1)
      fugit (~> 1.8)
      sidekiq (>= 4.2.1)
    sitemap_generator (6.3.0)
      builder (~> 3.0)
    snaky_hash (2.0.1)
      hashie
      version_gem (~> 1.1, >= 1.1.1)
    solid_cache (0.3.0)
      activejob (>= 7)
      activerecord (>= 7)
      railties (>= 7)
    sprockets (4.2.0)
      concurrent-ruby (~> 1.0)
      rack (>= 2.2.4, < 4)
    sprockets-rails (3.4.2)
      actionpack (>= 5.2)
      activesupport (>= 5.2)
      sprockets (>= 3.0.0)
    stackprof (0.2.26)
    stimulus-rails (1.2.1)
      railties (>= 6.0.0)
    tailwindcss-rails (2.0.17-x86_64-linux)
      railties (>= 6.0.0)
    thor (1.3.1)
    tilt (2.3.0)
    timeout (0.3.1)
    turbo-rails (1.3.2)
      actionpack (>= 6.0.0)
      activejob (>= 6.0.0)
      railties (>= 6.0.0)
    tzinfo (2.0.6)
      concurrent-ruby (~> 1.0)
    unicode-display_width (2.4.2)
    uri (0.13.0)
    version_gem (1.1.4)
    warden (1.2.9)
      rack (>= 2.0.9)
    web-console (4.2.0)
      actionview (>= 6.0.0)
      activemodel (>= 6.0.0)
      bindex (>= 0.4.0)
      railties (>= 6.0.0)
    webdrivers (5.2.0)
      nokogiri (~> 1.6)
      rubyzip (>= 1.3.0)
      selenium-webdriver (~> 4.0)
    websocket (1.2.9)
    websocket-driver (0.7.5)
      websocket-extensions (>= 0.1.0)
    websocket-extensions (0.1.5)
    xpath (3.2.0)
      nokogiri (~> 1.8)
    zeitwerk (2.6.14)

PLATFORMS
  x86_64-linux

DEPENDENCIES
  activeadmin
  aws-sdk-s3 (~> 1)
  bootsnap
  capybara
  dalli
  debug
  devise (~> 4.9)
  dotenv-rails
  dotiw (~> 5.3)
  httparty
  importmap-rails
  jbuilder
  letter_opener
  meta-tags
  mini_racer
  money-rails (~> 1.15)
  omniauth
  omniauth-google-oauth2
  omniauth-rails_csrf_protection
  pagy (~> 6.0)
  pg (~> 1.1)
  puma (~> 5.0)
  rails (~> 7.0.4)
  recaptcha
  redis (~> 5.4)
  redis-rails
  rubocop
  sassc-rails
  selenium-webdriver
  sentry-rails
  sentry-ruby
  sidekiq (~> 7.0)
  sidekiq-cron
  sitemap_generator (~> 6.3)
  solid_cache
  sprockets-rails
  stackprof
  stimulus-rails
  tailwindcss-rails (~> 2.0)
  turbo-rails
  tzinfo-data
  web-console
  webdrivers

RUBY VERSION
   ruby 3.2.9p265

BUNDLED WITH
   2.3.26
