# THIS IS AN AUTOGENERATED FILE. DO NOT EDIT THIS FILE DIRECTLY.
# yarn lockfile v1


"@popperjs/core@^2.9.3":
  version "2.11.6"
  resolved "https://registry.npmjs.org/@popperjs/core/-/core-2.11.6.tgz"
  integrity sha512-50/17A98tWUfQ176raKiOGXuYpLyyVMkxxG6oylzL3BPOlA6ADGdK7EYunSa4I064xerltq9TGXs8HmOk5E+vw==

"animate.css@>= 3.0.0":
  version "4.1.1"
  resolved "https://registry.npmjs.org/animate.css/-/animate.css-4.1.1.tgz"
  integrity sha512-+mRmCTv6SbCmtYJCN4faJMNFVNN5EuCTTprDTAo7YzIGji2KADmakjVA3+8mVDkZ2Bf09vayB35lSQIex2+QaQ==

flowbite@^1.6.2:
  version "1.6.2"
  resolved "https://registry.npmjs.org/flowbite/-/flowbite-1.6.2.tgz"
  integrity sha512-a/hB/fyG6m+EsMWpCaKOtFZGeQef+JLPS854DdFYitct8MNPnW5YKIOBQnIroyMtn60jOeMINg/XU1yh6m4pxw==
  dependencies:
    "@popperjs/core" "^2.9.3"
    mini-svg-data-uri "^1.4.3"

jquery@^3.6.3, "jquery@>= 1.6.2":
  version "3.6.3"
  resolved "https://registry.npmjs.org/jquery/-/jquery-3.6.3.tgz"
  integrity sha512-bZ5Sy3YzKo9Fyc8wH2iIQK4JImJ6R0GWI9kL1/k7Z91ZBNgkRXE6U0JfHIizZbort8ZunhSI3jw9I6253ahKfg==

"letteringjs@>= 0.6.1":
  version "0.7.0"
  resolved "https://registry.npmjs.org/letteringjs/-/letteringjs-0.7.0.tgz"
  integrity sha512-SxUgCo+TPuc46z4JUn2ObHnd1xaBtmfXF7yZr9eR1mLYUDwWyVJgsCfDOpaaVb0WkSc7EXXKtwXZTSSBMR+fTw==
  dependencies:
    jquery ">= 1.6.2"

mini-svg-data-uri@^1.4.3:
  version "1.4.4"
  resolved "https://registry.npmjs.org/mini-svg-data-uri/-/mini-svg-data-uri-1.4.4.tgz"
  integrity sha512-r9deDe9p5FJUPZAk3A59wGH7Ii9YrjjWw0jmw/liSbHl2CHiyXj6FcDXDu2K3TjVAXqiJdaw3xxwlZZr9E6nHg==

textillate@^0.4.1:
  version "0.4.1"
  resolved "https://registry.npmjs.org/textillate/-/textillate-0.4.1.tgz"
  integrity sha512-htUal0T4DsDLLtozLrRGe4snjmVj5eM/goAiBvcg8bK3VUvMMkN7xE0IhuawXNQm+6z0vrH3dIKNYJwyWssaEg==
  dependencies:
    animate.css ">= 3.0.0"
    jquery ">= 1.6.2"
    letteringjs ">= 0.6.1"
