# This file is generated by running "yarn install" inside your project.
# Manual changes might be lost - proceed with caution!

__metadata:
  version: 6
  cacheKey: 8

"@popperjs/core@npm:^2.9.3":
  version: 2.11.6
  resolution: "@popperjs/core@npm:2.11.6"
  checksum: 47fb328cec1924559d759b48235c78574f2d71a8a6c4c03edb6de5d7074078371633b91e39bbf3f901b32aa8af9b9d8f82834856d2f5737a23475036b16817f0
  languageName: node
  linkType: hard

"flowbite@npm:^1.6.2":
  version: 1.6.2
  resolution: "flowbite@npm:1.6.2"
  dependencies:
    "@popperjs/core": ^2.9.3
    mini-svg-data-uri: ^1.4.3
  checksum: 47ba03ad46e31b5fc281a181e1e0163e3735b0f9615509fc12684abdf7e14fae77bd046e502dc3e356e1f32ad4ef956aab79a48e5d97538611e54e57f172ebcb
  languageName: node
  linkType: hard

"mini-svg-data-uri@npm:^1.4.3":
  version: 1.4.4
  resolution: "mini-svg-data-uri@npm:1.4.4"
  bin:
    mini-svg-data-uri: cli.js
  checksum: 997f1fbd8d59a70f03761e18626d335197a3479cb9d1ff75678e4b64b864d32a0b8fc18115eabde035e5299b8b4a354a78e57dd6ac10f9d604162a6170898d09
  languageName: node
  linkType: hard

"tender_list@workspace:.":
  version: 0.0.0-use.local
  resolution: "tender_list@workspace:."
  dependencies:
    flowbite: ^1.6.2
  languageName: unknown
  linkType: soft
